
Microsoft Visual Studio Solution File, Format Version 12.00
# Visual Studio Version 17
VisualStudioVersion = 17.13.35818.85
MinimumVisualStudioVersion = 10.0.40219.1
Project("{FAE04EC0-301F-11D3-BF4B-00C04F79EFBC}") = "TravelBookingWebApi", "TravelBookingAPI\TravelBookingWebApi.csproj", "{A6801464-0684-4ADB-A657-CA545287847F}"
EndProject
Global
	GlobalSection(SolutionConfigurationPlatforms) = preSolution
		Debug|Any CPU = Debug|Any CPU
		Release|Any CPU = Release|Any CPU
	EndGlobalSection
	GlobalSection(ProjectConfigurationPlatforms) = postSolution
		{A6801464-0684-4ADB-A657-CA545287847F}.Debug|Any CPU.ActiveCfg = Debug|Any CPU
		{A6801464-0684-4ADB-A657-CA545287847F}.Debug|Any CPU.Build.0 = Debug|Any CPU
		{A6801464-0684-4ADB-A657-CA545287847F}.Release|Any CPU.ActiveCfg = Release|Any CPU
		{A6801464-0684-4ADB-A657-CA545287847F}.Release|Any CPU.Build.0 = Release|Any CPU
	EndGlobalSection
	GlobalSection(SolutionProperties) = preSolution
		HideSolutionNode = FALSE
	EndGlobalSection
	GlobalSection(ExtensibilityGlobals) = postSolution
		SolutionGuid = {0FECC83E-D610-47BA-B3FF-B35ED3C3DD76}
	EndGlobalSection
EndGlobal
